
Microsoft Visual Studio Solution File, Format Version 12.00
# Visual Studio Version 17
VisualStudioVersion = 17.14.36518.9 d17.14
MinimumVisualStudioVersion = 10.0.40219.1
Project("{888888A0-9F3D-457C-B088-3A5042F75D52}") = "openplace alert", "openplace alert\openplace alert.pyproj", "{595340D1-5FA8-4273-B5C7-4D5567DC1F45}"
EndProject
Global
	GlobalSection(SolutionConfigurationPlatforms) = preSolution
		Debug|Any CPU = Debug|Any CPU
		Release|Any CPU = Release|Any CPU
	EndGlobalSection
	GlobalSection(ProjectConfigurationPlatforms) = postSolution
		{595340D1-5FA8-4273-B5C7-4D5567DC1F45}.Debug|Any CPU.ActiveCfg = Debug|Any CPU
		{595340D1-5FA8-4273-B5C7-4D5567DC1F45}.Release|Any CPU.ActiveCfg = Release|Any CPU
	EndGlobalSection
	GlobalSection(SolutionProperties) = preSolution
		HideSolutionNode = FALSE
	EndGlobalSection
	GlobalSection(ExtensibilityGlobals) = postSolution
		SolutionGuid = {42485196-83DF-46BE-BA1C-3F5F199C5EA8}
	EndGlobalSection
EndGlobal
